
Microsoft Visual Studio Solution File, Format Version 12.00
# Visual Studio 14
VisualStudioVersion = 14.0.23107.0
MinimumVisualStudioVersion = 10.0.40219.1
Project("{FAE04EC0-301F-11D3-BF4B-00C04F79EFBC}") = "211006565_211005353_211007926_Graph", "211006565_211005353_211007926_Graph\211006565_211005353_211007926_Graph.csproj", "{D8083551-F391-4F93-A445-7698F68386C5}"
EndProject
Global
	GlobalSection(SolutionConfigurationPlatforms) = preSolution
		Debug|Any CPU = Debug|Any CPU
		Release|Any CPU = Release|Any CPU
	EndGlobalSection
	GlobalSection(ProjectConfigurationPlatforms) = postSolution
		{D8083551-F391-4F93-A445-7698F68386C5}.Debug|Any CPU.ActiveCfg = Debug|Any CPU
		{D8083551-F391-4F93-A445-7698F68386C5}.Debug|Any CPU.Build.0 = Debug|Any CPU
		{D8083551-F391-4F93-A445-7698F68386C5}.Release|Any CPU.ActiveCfg = Release|Any CPU
		{D8083551-F391-4F93-A445-7698F68386C5}.Release|Any CPU.Build.0 = Release|Any CPU
	EndGlobalSection
	GlobalSection(SolutionProperties) = preSolution
		HideSolutionNode = FALSE
	EndGlobalSection
EndGlobal
